// !$*UTF8*$!
{
	archiveVersion = 1;
	classes = {
	};
	objectVersion = 55;
	objects = {

/* Begin PBXBuildFile section */
		5D79BE19640B92742862EB47 /* Pods_CoinList.framework in Frameworks */ = {isa = PBXBuildFile; fileRef = 59F2EB34786AFEC94030FA40 /* Pods_CoinList.framework */; };
		62220F1228D713BC00136D6C /* AppDelegate.swift in Sources */ = {isa = PBXBuildFile; fileRef = 62220F1128D713BC00136D6C /* AppDelegate.swift */; };
		62220F1928D713BC00136D6C /* Main.storyboard in Resources */ = {isa = PBXBuildFile; fileRef = 62220F1728D713BC00136D6C /* Main.storyboard */; };
		62220F1B28D713BE00136D6C /* Assets.xcassets in Resources */ = {isa = PBXBuildFile; fileRef = 62220F1A28D713BE00136D6C /* Assets.xcassets */; };
		62220F1E28D713BE00136D6C /* LaunchScreen.storyboard in Resources */ = {isa = PBXBuildFile; fileRef = 62220F1C28D713BE00136D6C /* LaunchScreen.storyboard */; };
		62220F2628D713F200136D6C /* CoinListViewController.swift in Sources */ = {isa = PBXBuildFile; fileRef = 62220F2528D713F200136D6C /* CoinListViewController.swift */; };
		62220F2828D7173000136D6C /* CoinTableViewCell.swift in Sources */ = {isa = PBXBuildFile; fileRef = 62220F2728D7173000136D6C /* CoinTableViewCell.swift */; };
		62220F2A28D717A400136D6C /* CoinListViewModel.swift in Sources */ = {isa = PBXBuildFile; fileRef = 62220F2928D717A400136D6C /* CoinListViewModel.swift */; };
		62220F2C28D71FD500136D6C /* CoinListNetworkManager.swift in Sources */ = {isa = PBXBuildFile; fileRef = 62220F2B28D71FD500136D6C /* CoinListNetworkManager.swift */; };
		62220F2E28D7221E00136D6C /* CoinData.swift in Sources */ = {isa = PBXBuildFile; fileRef = 62220F2D28D7221E00136D6C /* CoinData.swift */; };
		62220F3028D72B1800136D6C /* Protocols.swift in Sources */ = {isa = PBXBuildFile; fileRef = 62220F2F28D72B1800136D6C /* Protocols.swift */; };
		62220F3728D866D200136D6C /* PercentageView.swift in Sources */ = {isa = PBXBuildFile; fileRef = 62220F3528D866D200136D6C /* PercentageView.swift */; };
		62220F3828D866D200136D6C /* PercentageView.xib in Resources */ = {isa = PBXBuildFile; fileRef = 62220F3628D866D200136D6C /* PercentageView.xib */; };
		62220F3A28D8724000136D6C /* PaddingLabel.swift in Sources */ = {isa = PBXBuildFile; fileRef = 62220F3928D8724000136D6C /* PaddingLabel.swift */; };
/* End PBXBuildFile section */

/* Begin PBXFileReference section */
		06DBD16A2B6E148BE5B45BD2 /* Pods-CoinList.release.xcconfig */ = {isa = PBXFileReference; includeInIndex = 1; lastKnownFileType = text.xcconfig; name = "Pods-CoinList.release.xcconfig"; path = "Target Support Files/Pods-CoinList/Pods-CoinList.release.xcconfig"; sourceTree = "<group>"; };
		59F2EB34786AFEC94030FA40 /* Pods_CoinList.framework */ = {isa = PBXFileReference; explicitFileType = wrapper.framework; includeInIndex = 0; path = Pods_CoinList.framework; sourceTree = BUILT_PRODUCTS_DIR; };
		62220F0E28D713BC00136D6C /* CoinList.app */ = {isa = PBXFileReference; explicitFileType = wrapper.application; includeInIndex = 0; path = CoinList.app; sourceTree = BUILT_PRODUCTS_DIR; };
		62220F1128D713BC00136D6C /* AppDelegate.swift */ = {isa = PBXFileReference; lastKnownFileType = sourcecode.swift; path = AppDelegate.swift; sourceTree = "<group>"; };
		62220F1828D713BC00136D6C /* Base */ = {isa = PBXFileReference; lastKnownFileType = file.storyboard; name = Base; path = Base.lproj/Main.storyboard; sourceTree = "<group>"; };
		62220F1A28D713BE00136D6C /* Assets.xcassets */ = {isa = PBXFileReference; lastKnownFileType = folder.assetcatalog; path = Assets.xcassets; sourceTree = "<group>"; };
		62220F1D28D713BE00136D6C /* Base */ = {isa = PBXFileReference; lastKnownFileType = file.storyboard; name = Base; path = Base.lproj/LaunchScreen.storyboard; sourceTree = "<group>"; };
		62220F1F28D713BE00136D6C /* Info.plist */ = {isa = PBXFileReference; lastKnownFileType = text.plist.xml; path = Info.plist; sourceTree = "<group>"; };
		62220F2528D713F200136D6C /* CoinListViewController.swift */ = {isa = PBXFileReference; lastKnownFileType = sourcecode.swift; path = CoinListViewController.swift; sourceTree = "<group>"; };
		62220F2728D7173000136D6C /* CoinTableViewCell.swift */ = {isa = PBXFileReference; lastKnownFileType = sourcecode.swift; path = CoinTableViewCell.swift; sourceTree = "<group>"; };
		62220F2928D717A400136D6C /* CoinListViewModel.swift */ = {isa = PBXFileReference; lastKnownFileType = sourcecode.swift; path = CoinListViewModel.swift; sourceTree = "<group>"; };
		62220F2B28D71FD500136D6C /* CoinListNetworkManager.swift */ = {isa = PBXFileReference; lastKnownFileType = sourcecode.swift; path = CoinListNetworkManager.swift; sourceTree = "<group>"; };
		62220F2D28D7221E00136D6C /* CoinData.swift */ = {isa = PBXFileReference; lastKnownFileType = sourcecode.swift; path = CoinData.swift; sourceTree = "<group>"; };
		62220F2F28D72B1800136D6C /* Protocols.swift */ = {isa = PBXFileReference; lastKnownFileType = sourcecode.swift; path = Protocols.swift; sourceTree = "<group>"; };
		62220F3528D866D200136D6C /* PercentageView.swift */ = {isa = PBXFileReference; lastKnownFileType = sourcecode.swift; path = PercentageView.swift; sourceTree = "<group>"; };
		62220F3628D866D200136D6C /* PercentageView.xib */ = {isa = PBXFileReference; lastKnownFileType = file.xib; path = PercentageView.xib; sourceTree = "<group>"; };
		62220F3928D8724000136D6C /* PaddingLabel.swift */ = {isa = PBXFileReference; lastKnownFileType = sourcecode.swift; path = PaddingLabel.swift; sourceTree = "<group>"; };
		DA0912C6C5476DE2260ED08A /* Pods-CoinList.debug.xcconfig */ = {isa = PBXFileReference; includeInIndex = 1; lastKnownFileType = text.xcconfig; name = "Pods-CoinList.debug.xcconfig"; path = "Target Support Files/Pods-CoinList/Pods-CoinList.debug.xcconfig"; sourceTree = "<group>"; };
/* End PBXFileReference section */

/* Begin PBXFrameworksBuildPhase section */
		62220F0B28D713BC00136D6C /* Frameworks */ = {
			isa = PBXFrameworksBuildPhase;
			buildActionMask = 2147483647;
			files = (
				5D79BE19640B92742862EB47 /* Pods_CoinList.framework in Frameworks */,
			);
			runOnlyForDeploymentPostprocessing = 0;
		};
/* End PBXFrameworksBuildPhase section */

/* Begin PBXGroup section */
		62220F0528D713BC00136D6C = {
			isa = PBXGroup;
			children = (
				62220F3428D865EC00136D6C /* View */,
				62220F1028D713BC00136D6C /* CoinList */,
				62220F0F28D713BC00136D6C /* Products */,
				ED714099999A605D69BC78F6 /* Pods */,
				8B7208BDFDE8C0BAA095873A /* Frameworks */,
			);
			sourceTree = "<group>";
		};
		62220F0F28D713BC00136D6C /* Products */ = {
			isa = PBXGroup;
			children = (
				62220F0E28D713BC00136D6C /* CoinList.app */,
			);
			name = Products;
			sourceTree = "<group>";
		};
		62220F1028D713BC00136D6C /* CoinList */ = {
			isa = PBXGroup;
			children = (
				62220F1128D713BC00136D6C /* AppDelegate.swift */,
				62220F2528D713F200136D6C /* CoinListViewController.swift */,
				62220F2728D7173000136D6C /* CoinTableViewCell.swift */,
				62220F2928D717A400136D6C /* CoinListViewModel.swift */,
				62220F2B28D71FD500136D6C /* CoinListNetworkManager.swift */,
				62220F1728D713BC00136D6C /* Main.storyboard */,
				62220F1A28D713BE00136D6C /* Assets.xcassets */,
				62220F1C28D713BE00136D6C /* LaunchScreen.storyboard */,
				62220F1F28D713BE00136D6C /* Info.plist */,
				62220F2D28D7221E00136D6C /* CoinData.swift */,
				62220F2F28D72B1800136D6C /* Protocols.swift */,
			);
			path = CoinList;
			sourceTree = "<group>";
		};
		62220F3428D865EC00136D6C /* View */ = {
			isa = PBXGroup;
			children = (
				62220F3528D866D200136D6C /* PercentageView.swift */,
				62220F3628D866D200136D6C /* PercentageView.xib */,
				62220F3928D8724000136D6C /* PaddingLabel.swift */,
			);
			path = View;
			sourceTree = "<group>";
		};
		8B7208BDFDE8C0BAA095873A /* Frameworks */ = {
			isa = PBXGroup;
			children = (
				59F2EB34786AFEC94030FA40 /* Pods_CoinList.framework */,
			);
			name = Frameworks;
			sourceTree = "<group>";
		};
		ED714099999A605D69BC78F6 /* Pods */ = {
			isa = PBXGroup;
			children = (
				DA0912C6C5476DE2260ED08A /* Pods-CoinList.debug.xcconfig */,
				06DBD16A2B6E148BE5B45BD2 /* Pods-CoinList.release.xcconfig */,
			);
			path = Pods;
			sourceTree = "<group>";
		};
/* End PBXGroup section */

/* Begin PBXNativeTarget section */
		62220F0D28D713BC00136D6C /* CoinList */ = {
			isa = PBXNativeTarget;
			buildConfigurationList = 62220F2228D713BE00136D6C /* Build configuration list for PBXNativeTarget "CoinList" */;
			buildPhases = (
				E61C71E31F44C69ED2827BB8 /* [CP] Check Pods Manifest.lock */,
				62220F0A28D713BC00136D6C /* Sources */,
				62220F0B28D713BC00136D6C /* Frameworks */,
				62220F0C28D713BC00136D6C /* Resources */,
				4F0235A558D68775A5EC039D /* [CP] Embed Pods Frameworks */,
			);
			buildRules = (
			);
			dependencies = (
			);
			name = CoinList;
			packageProductDependencies = (
			);
			productName = CoinList;
			productReference = 62220F0E28D713BC00136D6C /* CoinList.app */;
			productType = "com.apple.product-type.application";
		};
/* End PBXNativeTarget section */

/* Begin PBXProject section */
		62220F0628D713BC00136D6C /* Project object */ = {
			isa = PBXProject;
			attributes = {
				BuildIndependentTargetsInParallel = 1;
				LastSwiftUpdateCheck = 1340;
				LastUpgradeCheck = 1340;
				TargetAttributes = {
					62220F0D28D713BC00136D6C = {
						CreatedOnToolsVersion = 13.4.1;
					};
				};
			};
			buildConfigurationList = 62220F0928D713BC00136D6C /* Build configuration list for PBXProject "CoinList" */;
			compatibilityVersion = "Xcode 13.0";
			developmentRegion = en;
			hasScannedForEncodings = 0;
			knownRegions = (
				en,
				Base,
			);
			mainGroup = 62220F0528D713BC00136D6C;
			packageReferences = (
			);
			productRefGroup = 62220F0F28D713BC00136D6C /* Products */;
			projectDirPath = "";
			projectRoot = "";
			targets = (
				62220F0D28D713BC00136D6C /* CoinList */,
			);
		};
/* End PBXProject section */

/* Begin PBXResourcesBuildPhase section */
		62220F0C28D713BC00136D6C /* Resources */ = {
			isa = PBXResourcesBuildPhase;
			buildActionMask = 2147483647;
			files = (
				62220F1E28D713BE00136D6C /* LaunchScreen.storyboard in Resources */,
				62220F1B28D713BE00136D6C /* Assets.xcassets in Resources */,
				62220F3828D866D200136D6C /* PercentageView.xib in Resources */,
				62220F1928D713BC00136D6C /* Main.storyboard in Resources */,
			);
			runOnlyForDeploymentPostprocessing = 0;
		};
/* End PBXResourcesBuildPhase section */

/* Begin PBXShellScriptBuildPhase section */
		4F0235A558D68775A5EC039D /* [CP] Embed Pods Frameworks */ = {
			isa = PBXShellScriptBuildPhase;
			buildActionMask = 2147483647;
			files = (
			);
			inputFileListPaths = (
				"${PODS_ROOT}/Target Support Files/Pods-CoinList/Pods-CoinList-frameworks-${CONFIGURATION}-input-files.xcfilelist",
			);
			name = "[CP] Embed Pods Frameworks";
			outputFileListPaths = (
				"${PODS_ROOT}/Target Support Files/Pods-CoinList/Pods-CoinList-frameworks-${CONFIGURATION}-output-files.xcfilelist",
			);
			runOnlyForDeploymentPostprocessing = 0;
			shellPath = /bin/sh;
			shellScript = "\"${PODS_ROOT}/Target Support Files/Pods-CoinList/Pods-CoinList-frameworks.sh\"\n";
			showEnvVarsInLog = 0;
		};
		E61C71E31F44C69ED2827BB8 /* [CP] Check Pods Manifest.lock */ = {
			isa = PBXShellScriptBuildPhase;
			buildActionMask = 2147483647;
			files = (
			);
			inputFileListPaths = (
			);
			inputPaths = (
				"${PODS_PODFILE_DIR_PATH}/Podfile.lock",
				"${PODS_ROOT}/Manifest.lock",
			);
			name = "[CP] Check Pods Manifest.lock";
			outputFileListPaths = (
			);
			outputPaths = (
				"$(DERIVED_FILE_DIR)/Pods-CoinList-checkManifestLockResult.txt",
			);
			runOnlyForDeploymentPostprocessing = 0;
			shellPath = /bin/sh;
			shellScript = "diff \"${PODS_PODFILE_DIR_PATH}/Podfile.lock\" \"${PODS_ROOT}/Manifest.lock\" > /dev/null\nif [ $? != 0 ] ; then\n    # print error to STDERR\n    echo \"error: The sandbox is not in sync with the Podfile.lock. Run 'pod install' or update your CocoaPods installation.\" >&2\n    exit 1\nfi\n# This output is used by Xcode 'outputs' to avoid re-running this script phase.\necho \"SUCCESS\" > \"${SCRIPT_OUTPUT_FILE_0}\"\n";
			showEnvVarsInLog = 0;
		};
/* End PBXShellScriptBuildPhase section */

/* Begin PBXSourcesBuildPhase section */
		62220F0A28D713BC00136D6C /* Sources */ = {
			isa = PBXSourcesBuildPhase;
			buildActionMask = 2147483647;
			files = (
				62220F2E28D7221E00136D6C /* CoinData.swift in Sources */,
				62220F3728D866D200136D6C /* PercentageView.swift in Sources */,
				62220F1228D713BC00136D6C /* AppDelegate.swift in Sources */,
				62220F2828D7173000136D6C /* CoinTableViewCell.swift in Sources */,
				62220F2628D713F200136D6C /* CoinListViewController.swift in Sources */,
				62220F3028D72B1800136D6C /* Protocols.swift in Sources */,
				62220F3A28D8724000136D6C /* PaddingLabel.swift in Sources */,
				62220F2A28D717A400136D6C /* CoinListViewModel.swift in Sources */,
				62220F2C28D71FD500136D6C /* CoinListNetworkManager.swift in Sources */,
			);
			runOnlyForDeploymentPostprocessing = 0;
		};
/* End PBXSourcesBuildPhase section */

/* Begin PBXVariantGroup section */
		62220F1728D713BC00136D6C /* Main.storyboard */ = {
			isa = PBXVariantGroup;
			children = (
				62220F1828D713BC00136D6C /* Base */,
			);
			name = Main.storyboard;
			sourceTree = "<group>";
		};
		62220F1C28D713BE00136D6C /* LaunchScreen.storyboard */ = {
			isa = PBXVariantGroup;
			children = (
				62220F1D28D713BE00136D6C /* Base */,
			);
			name = LaunchScreen.storyboard;
			sourceTree = "<group>";
		};
/* End PBXVariantGroup section */

/* Begin XCBuildConfiguration section */
		62220F2028D713BE00136D6C /* Debug */ = {
			isa = XCBuildConfiguration;
			buildSettings = {
				ALWAYS_SEARCH_USER_PATHS = NO;
				CLANG_ANALYZER_NONNULL = YES;
				CLANG_ANALYZER_NUMBER_OBJECT_CONVERSION = YES_AGGRESSIVE;
				CLANG_CXX_LANGUAGE_STANDARD = "gnu++17";
				CLANG_ENABLE_MODULES = YES;
				CLANG_ENABLE_OBJC_ARC = YES;
				CLANG_ENABLE_OBJC_WEAK = YES;
				CLANG_WARN_BLOCK_CAPTURE_AUTORELEASING = YES;
				CLANG_WARN_BOOL_CONVERSION = YES;
				CLANG_WARN_COMMA = YES;
				CLANG_WARN_CONSTANT_CONVERSION = YES;
				CLANG_WARN_DEPRECATED_OBJC_IMPLEMENTATIONS = YES;
				CLANG_WARN_DIRECT_OBJC_ISA_USAGE = YES_ERROR;
				CLANG_WARN_DOCUMENTATION_COMMENTS = YES;
				CLANG_WARN_EMPTY_BODY = YES;
				CLANG_WARN_ENUM_CONVERSION = YES;
				CLANG_WARN_INFINITE_RECURSION = YES;
				CLANG_WARN_INT_CONVERSION = YES;
				CLANG_WARN_NON_LITERAL_NULL_CONVERSION = YES;
				CLANG_WARN_OBJC_IMPLICIT_RETAIN_SELF = YES;
				CLANG_WARN_OBJC_LITERAL_CONVERSION = YES;
				CLANG_WARN_OBJC_ROOT_CLASS = YES_ERROR;
				CLANG_WARN_QUOTED_INCLUDE_IN_FRAMEWORK_HEADER = YES;
				CLANG_WARN_RANGE_LOOP_ANALYSIS = YES;
				CLANG_WARN_STRICT_PROTOTYPES = YES;
				CLANG_WARN_SUSPICIOUS_MOVE = YES;
				CLANG_WARN_UNGUARDED_AVAILABILITY = YES_AGGRESSIVE;
				CLANG_WARN_UNREACHABLE_CODE = YES;
				CLANG_WARN__DUPLICATE_METHOD_MATCH = YES;
				COPY_PHASE_STRIP = NO;
				DEBUG_INFORMATION_FORMAT = dwarf;
				ENABLE_STRICT_OBJC_MSGSEND = YES;
				ENABLE_TESTABILITY = YES;
				GCC_C_LANGUAGE_STANDARD = gnu11;
				GCC_DYNAMIC_NO_PIC = NO;
				GCC_NO_COMMON_BLOCKS = YES;
				GCC_OPTIMIZATION_LEVEL = 0;
				GCC_PREPROCESSOR_DEFINITIONS = (
					"DEBUG=1",
					"$(inherited)",
				);
				GCC_WARN_64_TO_32_BIT_CONVERSION = YES;
				GCC_WARN_ABOUT_RETURN_TYPE = YES_ERROR;
				GCC_WARN_UNDECLARED_SELECTOR = YES;
				GCC_WARN_UNINITIALIZED_AUTOS = YES_AGGRESSIVE;
				GCC_WARN_UNUSED_FUNCTION = YES;
				GCC_WARN_UNUSED_VARIABLE = YES;
				IPHONEOS_DEPLOYMENT_TARGET = 15.5;
				MTL_ENABLE_DEBUG_INFO = INCLUDE_SOURCE;
				MTL_FAST_MATH = YES;
				ONLY_ACTIVE_ARCH = YES;
				SDKROOT = iphoneos;
				SWIFT_ACTIVE_COMPILATION_CONDITIONS = DEBUG;
				SWIFT_OPTIMIZATION_LEVEL = "-Onone";
			};
			name = Debug;
		};
		62220F2128D713BE00136D6C /* Release */ = {
			isa = XCBuildConfiguration;
			buildSettings = {
				ALWAYS_SEARCH_USER_PATHS = NO;
				CLANG_ANALYZER_NONNULL = YES;
				CLANG_ANALYZER_NUMBER_OBJECT_CONVERSION = YES_AGGRESSIVE;
				CLANG_CXX_LANGUAGE_STANDARD = "gnu++17";
				CLANG_ENABLE_MODULES = YES;
				CLANG_ENABLE_OBJC_ARC = YES;
				CLANG_ENABLE_OBJC_WEAK = YES;
				CLANG_WARN_BLOCK_CAPTURE_AUTORELEASING = YES;
				CLANG_WARN_BOOL_CONVERSION = YES;
				CLANG_WARN_COMMA = YES;
				CLANG_WARN_CONSTANT_CONVERSION = YES;
				CLANG_WARN_DEPRECATED_OBJC_IMPLEMENTATIONS = YES;
				CLANG_WARN_DIRECT_OBJC_ISA_USAGE = YES_ERROR;
				CLANG_WARN_DOCUMENTATION_COMMENTS = YES;
				CLANG_WARN_EMPTY_BODY = YES;
				CLANG_WARN_ENUM_CONVERSION = YES;
				CLANG_WARN_INFINITE_RECURSION = YES;
				CLANG_WARN_INT_CONVERSION = YES;
				CLANG_WARN_NON_LITERAL_NULL_CONVERSION = YES;
				CLANG_WARN_OBJC_IMPLICIT_RETAIN_SELF = YES;
				CLANG_WARN_OBJC_LITERAL_CONVERSION = YES;
				CLANG_WARN_OBJC_ROOT_CLASS = YES_ERROR;
				CLANG_WARN_QUOTED_INCLUDE_IN_FRAMEWORK_HEADER = YES;
				CLANG_WARN_RANGE_LOOP_ANALYSIS = YES;
				CLANG_WARN_STRICT_PROTOTYPES = YES;
				CLANG_WARN_SUSPICIOUS_MOVE = YES;
				CLANG_WARN_UNGUARDED_AVAILABILITY = YES_AGGRESSIVE;
				CLANG_WARN_UNREACHABLE_CODE = YES;
				CLANG_WARN__DUPLICATE_METHOD_MATCH = YES;
				COPY_PHASE_STRIP = NO;
				DEBUG_INFORMATION_FORMAT = "dwarf-with-dsym";
				ENABLE_NS_ASSERTIONS = NO;
				ENABLE_STRICT_OBJC_MSGSEND = YES;
				GCC_C_LANGUAGE_STANDARD = gnu11;
				GCC_NO_COMMON_BLOCKS = YES;
				GCC_WARN_64_TO_32_BIT_CONVERSION = YES;
				GCC_WARN_ABOUT_RETURN_TYPE = YES_ERROR;
				GCC_WARN_UNDECLARED_SELECTOR = YES;
				GCC_WARN_UNINITIALIZED_AUTOS = YES_AGGRESSIVE;
				GCC_WARN_UNUSED_FUNCTION = YES;
				GCC_WARN_UNUSED_VARIABLE = YES;
				IPHONEOS_DEPLOYMENT_TARGET = 15.5;
				MTL_ENABLE_DEBUG_INFO = NO;
				MTL_FAST_MATH = YES;
				SDKROOT = iphoneos;
				SWIFT_COMPILATION_MODE = wholemodule;
				SWIFT_OPTIMIZATION_LEVEL = "-O";
				VALIDATE_PRODUCT = YES;
			};
			name = Release;
		};
		62220F2328D713BE00136D6C /* Debug */ = {
			isa = XCBuildConfiguration;
			baseConfigurationReference = DA0912C6C5476DE2260ED08A /* Pods-CoinList.debug.xcconfig */;
			buildSettings = {
				ASSETCATALOG_COMPILER_APPICON_NAME = AppIcon;
				ASSETCATALOG_COMPILER_GLOBAL_ACCENT_COLOR_NAME = AccentColor;
				CODE_SIGN_STYLE = Automatic;
				CURRENT_PROJECT_VERSION = 1;
				GENERATE_INFOPLIST_FILE = YES;
				INFOPLIST_FILE = CoinList/Info.plist;
				INFOPLIST_KEY_UIApplicationSupportsIndirectInputEvents = YES;
				INFOPLIST_KEY_UILaunchStoryboardName = LaunchScreen;
				INFOPLIST_KEY_UIMainStoryboardFile = Main;
				INFOPLIST_KEY_UISupportedInterfaceOrientations = UIInterfaceOrientationPortrait;
				INFOPLIST_KEY_UISupportedInterfaceOrientations_iPad = "UIInterfaceOrientationPortrait UIInterfaceOrientationPortraitUpsideDown UIInterfaceOrientationLandscapeLeft UIInterfaceOrientationLandscapeRight";
				INFOPLIST_KEY_UISupportedInterfaceOrientations_iPhone = "UIInterfaceOrientationPortrait UIInterfaceOrientationLandscapeLeft UIInterfaceOrientationLandscapeRight";
				LD_RUNPATH_SEARCH_PATHS = (
					"$(inherited)",
					"@executable_path/Frameworks",
				);
				MARKETING_VERSION = 1.0;
				PRODUCT_BUNDLE_IDENTIFIER = armen.CoinList;
				PRODUCT_NAME = "$(TARGET_NAME)";
				SWIFT_EMIT_LOC_STRINGS = YES;
				SWIFT_VERSION = 5.0;
				TARGETED_DEVICE_FAMILY = "1,2";
			};
			name = Debug;
		};
		62220F2428D713BE00136D6C /* Release */ = {
			isa = XCBuildConfiguration;
			baseConfigurationReference = 06DBD16A2B6E148BE5B45BD2 /* Pods-CoinList.release.xcconfig */;
			buildSettings = {
				ASSETCATALOG_COMPILER_APPICON_NAME = AppIcon;
				ASSETCATALOG_COMPILER_GLOBAL_ACCENT_COLOR_NAME = AccentColor;
				CODE_SIGN_STYLE = Automatic;
				CURRENT_PROJECT_VERSION = 1;
				GENERATE_INFOPLIST_FILE = YES;
				INFOPLIST_FILE = CoinList/Info.plist;
				INFOPLIST_KEY_UIApplicationSupportsIndirectInputEvents = YES;
				INFOPLIST_KEY_UILaunchStoryboardName = LaunchScreen;
				INFOPLIST_KEY_UIMainStoryboardFile = Main;
				INFOPLIST_KEY_UISupportedInterfaceOrientations = UIInterfaceOrientationPortrait;
				INFOPLIST_KEY_UISupportedInterfaceOrientations_iPad = "UIInterfaceOrientationPortrait UIInterfaceOrientationPortraitUpsideDown UIInterfaceOrientationLandscapeLeft UIInterfaceOrientationLandscapeRight";
				INFOPLIST_KEY_UISupportedInterfaceOrientations_iPhone = "UIInterfaceOrientationPortrait UIInterfaceOrientationLandscapeLeft UIInterfaceOrientationLandscapeRight";
				LD_RUNPATH_SEARCH_PATHS = (
					"$(inherited)",
					"@executable_path/Frameworks",
				);
				MARKETING_VERSION = 1.0;
				PRODUCT_BUNDLE_IDENTIFIER = armen.CoinList;
				PRODUCT_NAME = "$(TARGET_NAME)";
				SWIFT_EMIT_LOC_STRINGS = YES;
				SWIFT_VERSION = 5.0;
				TARGETED_DEVICE_FAMILY = "1,2";
			};
			name = Release;
		};
/* End XCBuildConfiguration section */

/* Begin XCConfigurationList section */
		62220F0928D713BC00136D6C /* Build configuration list for PBXProject "CoinList" */ = {
			isa = XCConfigurationList;
			buildConfigurations = (
				62220F2028D713BE00136D6C /* Debug */,
				62220F2128D713BE00136D6C /* Release */,
			);
			defaultConfigurationIsVisible = 0;
			defaultConfigurationName = Release;
		};
		62220F2228D713BE00136D6C /* Build configuration list for PBXNativeTarget "CoinList" */ = {
			isa = XCConfigurationList;
			buildConfigurations = (
				62220F2328D713BE00136D6C /* Debug */,
				62220F2428D713BE00136D6C /* Release */,
			);
			defaultConfigurationIsVisible = 0;
			defaultConfigurationName = Release;
		};
/* End XCConfigurationList section */
	};
	rootObject = 62220F0628D713BC00136D6C /* Project object */;
}
